
Microsoft Visual Studio Solution File, Format Version 12.00
# Visual Studio 2017
Project("{FAE04EC0-301F-11D3-BF4B-00C04F79EFBC}") = "ArkEcosystem.Client.Tests", "ArkEcosystem.Client.Tests.csproj", "{1F3DF306-9B4C-4B74-8764-5EB08406EABF}"
EndProject
Global
	GlobalSection(SolutionConfigurationPlatforms) = preSolution
		Debug|Any CPU = Debug|Any CPU
		Release|Any CPU = Release|Any CPU
	EndGlobalSection
	GlobalSection(ProjectConfigurationPlatforms) = postSolution
		{1F3DF306-9B4C-4B74-8764-5EB08406EABF}.Debug|Any CPU.ActiveCfg = Debug|Any CPU
		{1F3DF306-9B4C-4B74-8764-5EB08406EABF}.Debug|Any CPU.Build.0 = Debug|Any CPU
		{1F3DF306-9B4C-4B74-8764-5EB08406EABF}.Release|Any CPU.ActiveCfg = Release|Any CPU
		{1F3DF306-9B4C-4B74-8764-5EB08406EABF}.Release|Any CPU.Build.0 = Release|Any CPU
	EndGlobalSection
EndGlobal
