
Microsoft Visual Studio Solution File, Format Version 12.00
# Visual Studio 2012
Project("{FAE04EC0-301F-11D3-BF4B-00C04F79EFBC}") = "ArkEcosystem.Client", "ArkEcosystem.Client\ArkEcosystem.Client.csproj", "{B05FF9A7-3BDD-406F-8887-CD0254A5972F}"
EndProject
Project("{FAE04EC0-301F-11D3-BF4B-00C04F79EFBC}") = "ArkEcosystem.Client.Tests", "ArkEcosystem.Client.Tests\ArkEcosystem.Client.Tests.csproj", "{D5FD29DC-730C-457F-9F5F-89E5A3595D85}"
EndProject
Global
	GlobalSection(SolutionConfigurationPlatforms) = preSolution
		Debug|Any CPU = Debug|Any CPU
		Release|Any CPU = Release|Any CPU
	EndGlobalSection
	GlobalSection(ProjectConfigurationPlatforms) = postSolution
		{B05FF9A7-3BDD-406F-8887-CD0254A5972F}.Debug|Any CPU.ActiveCfg = Debug|Any CPU
		{B05FF9A7-3BDD-406F-8887-CD0254A5972F}.Debug|Any CPU.Build.0 = Debug|Any CPU
		{B05FF9A7-3BDD-406F-8887-CD0254A5972F}.Release|Any CPU.ActiveCfg = Release|Any CPU
		{B05FF9A7-3BDD-406F-8887-CD0254A5972F}.Release|Any CPU.Build.0 = Release|Any CPU
		{D5FD29DC-730C-457F-9F5F-89E5A3595D85}.Debug|Any CPU.ActiveCfg = Debug|Any CPU
		{D5FD29DC-730C-457F-9F5F-89E5A3595D85}.Debug|Any CPU.Build.0 = Debug|Any CPU
		{D5FD29DC-730C-457F-9F5F-89E5A3595D85}.Release|Any CPU.ActiveCfg = Release|Any CPU
		{D5FD29DC-730C-457F-9F5F-89E5A3595D85}.Release|Any CPU.Build.0 = Release|Any CPU
	EndGlobalSection
EndGlobal
